// !$*UTF8*$!
{
	archiveVersion = 1;
	classes = {
	};
	objectVersion = 55;
	objects = {

/* Begin PBXBuildFile section */
		340599C3283F3C8700554676 /* AppDelegate.swift in Sources */ = {isa = PBXBuildFile; fileRef = 340599C2283F3C8700554676 /* AppDelegate.swift */; };
		340599C5283F3C8700554676 /* SceneDelegate.swift in Sources */ = {isa = PBXBuildFile; fileRef = 340599C4283F3C8700554676 /* SceneDelegate.swift */; };
		340599C7283F3C8700554676 /* ViewController.swift in Sources */ = {isa = PBXBuildFile; fileRef = 340599C6283F3C8700554676 /* ViewController.swift */; };
		340599CA283F3C8700554676 /* Main.storyboard in Resources */ = {isa = PBXBuildFile; fileRef = 340599C8283F3C8700554676 /* Main.storyboard */; };
		340599CC283F3C8900554676 /* Assets.xcassets in Resources */ = {isa = PBXBuildFile; fileRef = 340599CB283F3C8900554676 /* Assets.xcassets */; };
		340599CF283F3C8900554676 /* LaunchScreen.storyboard in Resources */ = {isa = PBXBuildFile; fileRef = 340599CD283F3C8900554676 /* LaunchScreen.storyboard */; };
		340599D7283F3D7300554676 /* Data.swift in Sources */ = {isa = PBXBuildFile; fileRef = 340599D6283F3D7300554676 /* Data.swift */; };
/* End PBXBuildFile section */

/* Begin PBXFileReference section */
		340599BF283F3C8700554676 /* firstTry(shouldDeleteIt).app */ = {isa = PBXFileReference; explicitFileType = wrapper.application; includeInIndex = 0; path = "firstTry(shouldDeleteIt).app"; sourceTree = BUILT_PRODUCTS_DIR; };
		340599C2283F3C8700554676 /* AppDelegate.swift */ = {isa = PBXFileReference; lastKnownFileType = sourcecode.swift; path = AppDelegate.swift; sourceTree = "<group>"; };
		340599C4283F3C8700554676 /* SceneDelegate.swift */ = {isa = PBXFileReference; lastKnownFileType = sourcecode.swift; path = SceneDelegate.swift; sourceTree = "<group>"; };
		340599C6283F3C8700554676 /* ViewController.swift */ = {isa = PBXFileReference; lastKnownFileType = sourcecode.swift; path = ViewController.swift; sourceTree = "<group>"; };
		340599C9283F3C8700554676 /* Base */ = {isa = PBXFileReference; lastKnownFileType = file.storyboard; name = Base; path = Base.lproj/Main.storyboard; sourceTree = "<group>"; };
		340599CB283F3C8900554676 /* Assets.xcassets */ = {isa = PBXFileReference; lastKnownFileType = folder.assetcatalog; path = Assets.xcassets; sourceTree = "<group>"; };
		340599CE283F3C8900554676 /* Base */ = {isa = PBXFileReference; lastKnownFileType = file.storyboard; name = Base; path = Base.lproj/LaunchScreen.storyboard; sourceTree = "<group>"; };
		340599D0283F3C8900554676 /* Info.plist */ = {isa = PBXFileReference; lastKnownFileType = text.plist.xml; path = Info.plist; sourceTree = "<group>"; };
		340599D6283F3D7300554676 /* Data.swift */ = {isa = PBXFileReference; lastKnownFileType = sourcecode.swift; path = Data.swift; sourceTree = "<group>"; };
/* End PBXFileReference section */

/* Begin PBXFrameworksBuildPhase section */
		340599BC283F3C8700554676 /* Frameworks */ = {
			isa = PBXFrameworksBuildPhase;
			buildActionMask = 2147483647;
			files = (
			);
			runOnlyForDeploymentPostprocessing = 0;
		};
/* End PBXFrameworksBuildPhase section */

/* Begin PBXGroup section */
		340599B6283F3C8700554676 = {
			isa = PBXGroup;
			children = (
				340599C1283F3C8700554676 /* firstTry(shouldDeleteIt) */,
				340599C0283F3C8700554676 /* Products */,
			);
			sourceTree = "<group>";
		};
		340599C0283F3C8700554676 /* Products */ = {
			isa = PBXGroup;
			children = (
				340599BF283F3C8700554676 /* firstTry(shouldDeleteIt).app */,
			);
			name = Products;
			sourceTree = "<group>";
		};
		340599C1283F3C8700554676 /* firstTry(shouldDeleteIt) */ = {
			isa = PBXGroup;
			children = (
				340599C2283F3C8700554676 /* AppDelegate.swift */,
				340599C4283F3C8700554676 /* SceneDelegate.swift */,
				340599C6283F3C8700554676 /* ViewController.swift */,
				340599C8283F3C8700554676 /* Main.storyboard */,
				340599CB283F3C8900554676 /* Assets.xcassets */,
				340599CD283F3C8900554676 /* LaunchScreen.storyboard */,
				340599D0283F3C8900554676 /* Info.plist */,
				340599D6283F3D7300554676 /* Data.swift */,
			);
			path = "firstTry(shouldDeleteIt)";
			sourceTree = "<group>";
		};
/* End PBXGroup section */

/* Begin PBXNativeTarget section */
		340599BE283F3C8700554676 /* firstTry(shouldDeleteIt) */ = {
			isa = PBXNativeTarget;
			buildConfigurationList = 340599D3283F3C8900554676 /* Build configuration list for PBXNativeTarget "firstTry(shouldDeleteIt)" */;
			buildPhases = (
				340599BB283F3C8700554676 /* Sources */,
				340599BC283F3C8700554676 /* Frameworks */,
				340599BD283F3C8700554676 /* Resources */,
			);
			buildRules = (
			);
			dependencies = (
			);
			name = "firstTry(shouldDeleteIt)";
			productName = "firstTry(shouldDeleteIt)";
			productReference = 340599BF283F3C8700554676 /* firstTry(shouldDeleteIt).app */;
			productType = "com.apple.product-type.application";
		};
/* End PBXNativeTarget section */

/* Begin PBXProject section */
		340599B7283F3C8700554676 /* Project object */ = {
			isa = PBXProject;
			attributes = {
				BuildIndependentTargetsInParallel = 1;
				LastSwiftUpdateCheck = 1330;
				LastUpgradeCheck = 1330;
				TargetAttributes = {
					340599BE283F3C8700554676 = {
						CreatedOnToolsVersion = 13.3;
					};
				};
			};
			buildConfigurationList = 340599BA283F3C8700554676 /* Build configuration list for PBXProject "firstTry(shouldDeleteIt)" */;
			compatibilityVersion = "Xcode 13.0";
			developmentRegion = en;
			hasScannedForEncodings = 0;
			knownRegions = (
				en,
				Base,
			);
			mainGroup = 340599B6283F3C8700554676;
			productRefGroup = 340599C0283F3C8700554676 /* Products */;
			projectDirPath = "";
			projectRoot = "";
			targets = (
				340599BE283F3C8700554676 /* firstTry(shouldDeleteIt) */,
			);
		};
/* End PBXProject section */

/* Begin PBXResourcesBuildPhase section */
		340599BD283F3C8700554676 /* Resources */ = {
			isa = PBXResourcesBuildPhase;
			buildActionMask = 2147483647;
			files = (
				340599CF283F3C8900554676 /* LaunchScreen.storyboard in Resources */,
				340599CC283F3C8900554676 /* Assets.xcassets in Resources */,
				340599CA283F3C8700554676 /* Main.storyboard in Resources */,
			);
			runOnlyForDeploymentPostprocessing = 0;
		};
/* End PBXResourcesBuildPhase section */

/* Begin PBXSourcesBuildPhase section */
		340599BB283F3C8700554676 /* Sources */ = {
			isa = PBXSourcesBuildPhase;
			buildActionMask = 2147483647;
			files = (
				340599C7283F3C8700554676 /* ViewController.swift in Sources */,
				340599C3283F3C8700554676 /* AppDelegate.swift in Sources */,
				340599C5283F3C8700554676 /* SceneDelegate.swift in Sources */,
				340599D7283F3D7300554676 /* Data.swift in Sources */,
			);
			runOnlyForDeploymentPostprocessing = 0;
		};
/* End PBXSourcesBuildPhase section */

/* Begin PBXVariantGroup section */
		340599C8283F3C8700554676 /* Main.storyboard */ = {
			isa = PBXVariantGroup;
			children = (
				340599C9283F3C8700554676 /* Base */,
			);
			name = Main.storyboard;
			sourceTree = "<group>";
		};
		340599CD283F3C8900554676 /* LaunchScreen.storyboard */ = {
			isa = PBXVariantGroup;
			children = (
				340599CE283F3C8900554676 /* Base */,
			);
			name = LaunchScreen.storyboard;
			sourceTree = "<group>";
		};
/* End PBXVariantGroup section */

/* Begin XCBuildConfiguration section */
		340599D1283F3C8900554676 /* Debug */ = {
			isa = XCBuildConfiguration;
			buildSettings = {
				ALWAYS_SEARCH_USER_PATHS = NO;
				CLANG_ANALYZER_NONNULL = YES;
				CLANG_ANALYZER_NUMBER_OBJECT_CONVERSION = YES_AGGRESSIVE;
				CLANG_CXX_LANGUAGE_STANDARD = "gnu++17";
				CLANG_ENABLE_MODULES = YES;
				CLANG_ENABLE_OBJC_ARC = YES;
				CLANG_ENABLE_OBJC_WEAK = YES;
				CLANG_WARN_BLOCK_CAPTURE_AUTORELEASING = YES;
				CLANG_WARN_BOOL_CONVERSION = YES;
				CLANG_WARN_COMMA = YES;
				CLANG_WARN_CONSTANT_CONVERSION = YES;
				CLANG_WARN_DEPRECATED_OBJC_IMPLEMENTATIONS = YES;
				CLANG_WARN_DIRECT_OBJC_ISA_USAGE = YES_ERROR;
				CLANG_WARN_DOCUMENTATION_COMMENTS = YES;
				CLANG_WARN_EMPTY_BODY = YES;
				CLANG_WARN_ENUM_CONVERSION = YES;
				CLANG_WARN_INFINITE_RECURSION = YES;
				CLANG_WARN_INT_CONVERSION = YES;
				CLANG_WARN_NON_LITERAL_NULL_CONVERSION = YES;
				CLANG_WARN_OBJC_IMPLICIT_RETAIN_SELF = YES;
				CLANG_WARN_OBJC_LITERAL_CONVERSION = YES;
				CLANG_WARN_OBJC_ROOT_CLASS = YES_ERROR;
				CLANG_WARN_QUOTED_INCLUDE_IN_FRAMEWORK_HEADER = YES;
				CLANG_WARN_RANGE_LOOP_ANALYSIS = YES;
				CLANG_WARN_STRICT_PROTOTYPES = YES;
				CLANG_WARN_SUSPICIOUS_MOVE = YES;
				CLANG_WARN_UNGUARDED_AVAILABILITY = YES_AGGRESSIVE;
				CLANG_WARN_UNREACHABLE_CODE = YES;
				CLANG_WARN__DUPLICATE_METHOD_MATCH = YES;
				COPY_PHASE_STRIP = NO;
				DEBUG_INFORMATION_FORMAT = dwarf;
				ENABLE_STRICT_OBJC_MSGSEND = YES;
				ENABLE_TESTABILITY = YES;
				GCC_C_LANGUAGE_STANDARD = gnu11;
				GCC_DYNAMIC_NO_PIC = NO;
				GCC_NO_COMMON_BLOCKS = YES;
				GCC_OPTIMIZATION_LEVEL = 0;
				GCC_PREPROCESSOR_DEFINITIONS = (
					"DEBUG=1",
					"$(inherited)",
				);
				GCC_WARN_64_TO_32_BIT_CONVERSION = YES;
				GCC_WARN_ABOUT_RETURN_TYPE = YES_ERROR;
				GCC_WARN_UNDECLARED_SELECTOR = YES;
				GCC_WARN_UNINITIALIZED_AUTOS = YES_AGGRESSIVE;
				GCC_WARN_UNUSED_FUNCTION = YES;
				GCC_WARN_UNUSED_VARIABLE = YES;
				IPHONEOS_DEPLOYMENT_TARGET = 15.4;
				MTL_ENABLE_DEBUG_INFO = INCLUDE_SOURCE;
				MTL_FAST_MATH = YES;
				ONLY_ACTIVE_ARCH = YES;
				SDKROOT = iphoneos;
				SWIFT_ACTIVE_COMPILATION_CONDITIONS = DEBUG;
				SWIFT_OPTIMIZATION_LEVEL = "-Onone";
			};
			name = Debug;
		};
		340599D2283F3C8900554676 /* Release */ = {
			isa = XCBuildConfiguration;
			buildSettings = {
				ALWAYS_SEARCH_USER_PATHS = NO;
				CLANG_ANALYZER_NONNULL = YES;
				CLANG_ANALYZER_NUMBER_OBJECT_CONVERSION = YES_AGGRESSIVE;
				CLANG_CXX_LANGUAGE_STANDARD = "gnu++17";
				CLANG_ENABLE_MODULES = YES;
				CLANG_ENABLE_OBJC_ARC = YES;
				CLANG_ENABLE_OBJC_WEAK = YES;
				CLANG_WARN_BLOCK_CAPTURE_AUTORELEASING = YES;
				CLANG_WARN_BOOL_CONVERSION = YES;
				CLANG_WARN_COMMA = YES;
				CLANG_WARN_CONSTANT_CONVERSION = YES;
				CLANG_WARN_DEPRECATED_OBJC_IMPLEMENTATIONS = YES;
				CLANG_WARN_DIRECT_OBJC_ISA_USAGE = YES_ERROR;
				CLANG_WARN_DOCUMENTATION_COMMENTS = YES;
				CLANG_WARN_EMPTY_BODY = YES;
				CLANG_WARN_ENUM_CONVERSION = YES;
				CLANG_WARN_INFINITE_RECURSION = YES;
				CLANG_WARN_INT_CONVERSION = YES;
				CLANG_WARN_NON_LITERAL_NULL_CONVERSION = YES;
				CLANG_WARN_OBJC_IMPLICIT_RETAIN_SELF = YES;
				CLANG_WARN_OBJC_LITERAL_CONVERSION = YES;
				CLANG_WARN_OBJC_ROOT_CLASS = YES_ERROR;
				CLANG_WARN_QUOTED_INCLUDE_IN_FRAMEWORK_HEADER = YES;
				CLANG_WARN_RANGE_LOOP_ANALYSIS = YES;
				CLANG_WARN_STRICT_PROTOTYPES = YES;
				CLANG_WARN_SUSPICIOUS_MOVE = YES;
				CLANG_WARN_UNGUARDED_AVAILABILITY = YES_AGGRESSIVE;
				CLANG_WARN_UNREACHABLE_CODE = YES;
				CLANG_WARN__DUPLICATE_METHOD_MATCH = YES;
				COPY_PHASE_STRIP = NO;
				DEBUG_INFORMATION_FORMAT = "dwarf-with-dsym";
				ENABLE_NS_ASSERTIONS = NO;
				ENABLE_STRICT_OBJC_MSGSEND = YES;
				GCC_C_LANGUAGE_STANDARD = gnu11;
				GCC_NO_COMMON_BLOCKS = YES;
				GCC_WARN_64_TO_32_BIT_CONVERSION = YES;
				GCC_WARN_ABOUT_RETURN_TYPE = YES_ERROR;
				GCC_WARN_UNDECLARED_SELECTOR = YES;
				GCC_WARN_UNINITIALIZED_AUTOS = YES_AGGRESSIVE;
				GCC_WARN_UNUSED_FUNCTION = YES;
				GCC_WARN_UNUSED_VARIABLE = YES;
				IPHONEOS_DEPLOYMENT_TARGET = 15.4;
				MTL_ENABLE_DEBUG_INFO = NO;
				MTL_FAST_MATH = YES;
				SDKROOT = iphoneos;
				SWIFT_COMPILATION_MODE = wholemodule;
				SWIFT_OPTIMIZATION_LEVEL = "-O";
				VALIDATE_PRODUCT = YES;
			};
			name = Release;
		};
		340599D4283F3C8900554676 /* Debug */ = {
			isa = XCBuildConfiguration;
			buildSettings = {
				ASSETCATALOG_COMPILER_APPICON_NAME = AppIcon;
				ASSETCATALOG_COMPILER_GLOBAL_ACCENT_COLOR_NAME = AccentColor;
				CODE_SIGN_STYLE = Automatic;
				CURRENT_PROJECT_VERSION = 1;
				DEVELOPMENT_TEAM = CLSWK43D4X;
				GENERATE_INFOPLIST_FILE = YES;
				INFOPLIST_FILE = "firstTry(shouldDeleteIt)/Info.plist";
				INFOPLIST_KEY_UIApplicationSupportsIndirectInputEvents = YES;
				INFOPLIST_KEY_UILaunchStoryboardName = LaunchScreen;
				INFOPLIST_KEY_UIMainStoryboardFile = Main;
				INFOPLIST_KEY_UISupportedInterfaceOrientations_iPad = "UIInterfaceOrientationPortrait UIInterfaceOrientationPortraitUpsideDown UIInterfaceOrientationLandscapeLeft UIInterfaceOrientationLandscapeRight";
				INFOPLIST_KEY_UISupportedInterfaceOrientations_iPhone = "UIInterfaceOrientationPortrait UIInterfaceOrientationLandscapeLeft UIInterfaceOrientationLandscapeRight";
				LD_RUNPATH_SEARCH_PATHS = (
					"$(inherited)",
					"@executable_path/Frameworks",
				);
				MARKETING_VERSION = 1.0;
				PRODUCT_BUNDLE_IDENTIFIER = "com.Matt.firstTry-shouldDeleteIt-";
				PRODUCT_NAME = "$(TARGET_NAME)";
				SWIFT_EMIT_LOC_STRINGS = YES;
				SWIFT_VERSION = 5.0;
				TARGETED_DEVICE_FAMILY = "1,2";
			};
			name = Debug;
		};
		340599D5283F3C8900554676 /* Release */ = {
			isa = XCBuildConfiguration;
			buildSettings = {
				ASSETCATALOG_COMPILER_APPICON_NAME = AppIcon;
				ASSETCATALOG_COMPILER_GLOBAL_ACCENT_COLOR_NAME = AccentColor;
				CODE_SIGN_STYLE = Automatic;
				CURRENT_PROJECT_VERSION = 1;
				DEVELOPMENT_TEAM = CLSWK43D4X;
				GENERATE_INFOPLIST_FILE = YES;
				INFOPLIST_FILE = "firstTry(shouldDeleteIt)/Info.plist";
				INFOPLIST_KEY_UIApplicationSupportsIndirectInputEvents = YES;
				INFOPLIST_KEY_UILaunchStoryboardName = LaunchScreen;
				INFOPLIST_KEY_UIMainStoryboardFile = Main;
				INFOPLIST_KEY_UISupportedInterfaceOrientations_iPad = "UIInterfaceOrientationPortrait UIInterfaceOrientationPortraitUpsideDown UIInterfaceOrientationLandscapeLeft UIInterfaceOrientationLandscapeRight";
				INFOPLIST_KEY_UISupportedInterfaceOrientations_iPhone = "UIInterfaceOrientationPortrait UIInterfaceOrientationLandscapeLeft UIInterfaceOrientationLandscapeRight";
				LD_RUNPATH_SEARCH_PATHS = (
					"$(inherited)",
					"@executable_path/Frameworks",
				);
				MARKETING_VERSION = 1.0;
				PRODUCT_BUNDLE_IDENTIFIER = "com.Matt.firstTry-shouldDeleteIt-";
				PRODUCT_NAME = "$(TARGET_NAME)";
				SWIFT_EMIT_LOC_STRINGS = YES;
				SWIFT_VERSION = 5.0;
				TARGETED_DEVICE_FAMILY = "1,2";
			};
			name = Release;
		};
/* End XCBuildConfiguration section */

/* Begin XCConfigurationList section */
		340599BA283F3C8700554676 /* Build configuration list for PBXProject "firstTry(shouldDeleteIt)" */ = {
			isa = XCConfigurationList;
			buildConfigurations = (
				340599D1283F3C8900554676 /* Debug */,
				340599D2283F3C8900554676 /* Release */,
			);
			defaultConfigurationIsVisible = 0;
			defaultConfigurationName = Release;
		};
		340599D3283F3C8900554676 /* Build configuration list for PBXNativeTarget "firstTry(shouldDeleteIt)" */ = {
			isa = XCConfigurationList;
			buildConfigurations = (
				340599D4283F3C8900554676 /* Debug */,
				340599D5283F3C8900554676 /* Release */,
			);
			defaultConfigurationIsVisible = 0;
			defaultConfigurationName = Release;
		};
/* End XCConfigurationList section */
	};
	rootObject = 340599B7283F3C8700554676 /* Project object */;
}
