// !$*UTF8*$!
{
	archiveVersion = 1;
	classes = {
	};
	objectVersion = 55;
	objects = {

/* Begin PBXBuildFile section */
		34C63A162821BF3500805D88 /* AppDelegate.swift in Sources */ = {isa = PBXBuildFile; fileRef = 34C63A152821BF3500805D88 /* AppDelegate.swift */; };
		34C63A182821BF3500805D88 /* SceneDelegate.swift in Sources */ = {isa = PBXBuildFile; fileRef = 34C63A172821BF3500805D88 /* SceneDelegate.swift */; };
		34C63A1D2821BF3500805D88 /* Main.storyboard in Resources */ = {isa = PBXBuildFile; fileRef = 34C63A1B2821BF3500805D88 /* Main.storyboard */; };
		34C63A1F2821BF3800805D88 /* Assets.xcassets in Resources */ = {isa = PBXBuildFile; fileRef = 34C63A1E2821BF3800805D88 /* Assets.xcassets */; };
		34C63A222821BF3800805D88 /* LaunchScreen.storyboard in Resources */ = {isa = PBXBuildFile; fileRef = 34C63A202821BF3800805D88 /* LaunchScreen.storyboard */; };
		34C63A2D2821C03200805D88 /* MainVC.swift in Sources */ = {isa = PBXBuildFile; fileRef = 34C63A2C2821C03200805D88 /* MainVC.swift */; };
		34C63A2F2821C05200805D88 /* MoreDetailVC.swift in Sources */ = {isa = PBXBuildFile; fileRef = 34C63A2E2821C05200805D88 /* MoreDetailVC.swift */; };
		34C63A342821C13D00805D88 /* Data.swift in Sources */ = {isa = PBXBuildFile; fileRef = 34C63A332821C13D00805D88 /* Data.swift */; };
		34C63A372821C4A900805D88 /* MainTableViewCell.swift in Sources */ = {isa = PBXBuildFile; fileRef = 34C63A362821C4A900805D88 /* MainTableViewCell.swift */; };
/* End PBXBuildFile section */

/* Begin PBXFileReference section */
		34C63A122821BF3500805D88 /* TestSN.app */ = {isa = PBXFileReference; explicitFileType = wrapper.application; includeInIndex = 0; path = TestSN.app; sourceTree = BUILT_PRODUCTS_DIR; };
		34C63A152821BF3500805D88 /* AppDelegate.swift */ = {isa = PBXFileReference; lastKnownFileType = sourcecode.swift; path = AppDelegate.swift; sourceTree = "<group>"; };
		34C63A172821BF3500805D88 /* SceneDelegate.swift */ = {isa = PBXFileReference; lastKnownFileType = sourcecode.swift; path = SceneDelegate.swift; sourceTree = "<group>"; };
		34C63A1C2821BF3500805D88 /* Base */ = {isa = PBXFileReference; lastKnownFileType = file.storyboard; name = Base; path = Base.lproj/Main.storyboard; sourceTree = "<group>"; };
		34C63A1E2821BF3800805D88 /* Assets.xcassets */ = {isa = PBXFileReference; lastKnownFileType = folder.assetcatalog; path = Assets.xcassets; sourceTree = "<group>"; };
		34C63A212821BF3800805D88 /* Base */ = {isa = PBXFileReference; lastKnownFileType = file.storyboard; name = Base; path = Base.lproj/LaunchScreen.storyboard; sourceTree = "<group>"; };
		34C63A232821BF3800805D88 /* Info.plist */ = {isa = PBXFileReference; lastKnownFileType = text.plist.xml; path = Info.plist; sourceTree = "<group>"; };
		34C63A2C2821C03200805D88 /* MainVC.swift */ = {isa = PBXFileReference; lastKnownFileType = sourcecode.swift; path = MainVC.swift; sourceTree = "<group>"; tabWidth = 4; };
		34C63A2E2821C05200805D88 /* MoreDetailVC.swift */ = {isa = PBXFileReference; lastKnownFileType = sourcecode.swift; path = MoreDetailVC.swift; sourceTree = "<group>"; };
		34C63A332821C13D00805D88 /* Data.swift */ = {isa = PBXFileReference; lastKnownFileType = sourcecode.swift; path = Data.swift; sourceTree = "<group>"; };
		34C63A362821C4A900805D88 /* MainTableViewCell.swift */ = {isa = PBXFileReference; lastKnownFileType = sourcecode.swift; path = MainTableViewCell.swift; sourceTree = "<group>"; };
/* End PBXFileReference section */

/* Begin PBXFrameworksBuildPhase section */
		34C63A0F2821BF3500805D88 /* Frameworks */ = {
			isa = PBXFrameworksBuildPhase;
			buildActionMask = 2147483647;
			files = (
			);
			runOnlyForDeploymentPostprocessing = 0;
		};
/* End PBXFrameworksBuildPhase section */

/* Begin PBXGroup section */
		34C63A092821BF3500805D88 = {
			isa = PBXGroup;
			children = (
				34C63A142821BF3500805D88 /* TestSN */,
				34C63A132821BF3500805D88 /* Products */,
			);
			sourceTree = "<group>";
		};
		34C63A132821BF3500805D88 /* Products */ = {
			isa = PBXGroup;
			children = (
				34C63A122821BF3500805D88 /* TestSN.app */,
			);
			name = Products;
			sourceTree = "<group>";
		};
		34C63A142821BF3500805D88 /* TestSN */ = {
			isa = PBXGroup;
			children = (
				34C63A2B2821C01800805D88 /* ViewController */,
				34C63A352821C47C00805D88 /* TableViewCell */,
				34C63A292821BFFF00805D88 /* Delegates */,
				34C63A302821C11400805D88 /* Data */,
				34C63A2A2821C00A00805D88 /* View */,
				34C63A232821BF3800805D88 /* Info.plist */,
			);
			path = TestSN;
			sourceTree = "<group>";
		};
		34C63A292821BFFF00805D88 /* Delegates */ = {
			isa = PBXGroup;
			children = (
				34C63A152821BF3500805D88 /* AppDelegate.swift */,
				34C63A172821BF3500805D88 /* SceneDelegate.swift */,
			);
			path = Delegates;
			sourceTree = "<group>";
		};
		34C63A2A2821C00A00805D88 /* View */ = {
			isa = PBXGroup;
			children = (
				34C63A1B2821BF3500805D88 /* Main.storyboard */,
				34C63A1E2821BF3800805D88 /* Assets.xcassets */,
				34C63A202821BF3800805D88 /* LaunchScreen.storyboard */,
			);
			path = View;
			sourceTree = "<group>";
		};
		34C63A2B2821C01800805D88 /* ViewController */ = {
			isa = PBXGroup;
			children = (
				34C63A2C2821C03200805D88 /* MainVC.swift */,
				34C63A2E2821C05200805D88 /* MoreDetailVC.swift */,
			);
			path = ViewController;
			sourceTree = "<group>";
		};
		34C63A302821C11400805D88 /* Data */ = {
			isa = PBXGroup;
			children = (
				34C63A332821C13D00805D88 /* Data.swift */,
			);
			path = Data;
			sourceTree = "<group>";
		};
		34C63A352821C47C00805D88 /* TableViewCell */ = {
			isa = PBXGroup;
			children = (
				34C63A362821C4A900805D88 /* MainTableViewCell.swift */,
			);
			path = TableViewCell;
			sourceTree = "<group>";
		};
/* End PBXGroup section */

/* Begin PBXNativeTarget section */
		34C63A112821BF3500805D88 /* TestSN */ = {
			isa = PBXNativeTarget;
			buildConfigurationList = 34C63A262821BF3800805D88 /* Build configuration list for PBXNativeTarget "TestSN" */;
			buildPhases = (
				34C63A0E2821BF3500805D88 /* Sources */,
				34C63A0F2821BF3500805D88 /* Frameworks */,
				34C63A102821BF3500805D88 /* Resources */,
			);
			buildRules = (
			);
			dependencies = (
			);
			name = TestSN;
			productName = TestSN;
			productReference = 34C63A122821BF3500805D88 /* TestSN.app */;
			productType = "com.apple.product-type.application";
		};
/* End PBXNativeTarget section */

/* Begin PBXProject section */
		34C63A0A2821BF3500805D88 /* Project object */ = {
			isa = PBXProject;
			attributes = {
				BuildIndependentTargetsInParallel = 1;
				LastSwiftUpdateCheck = 1330;
				LastUpgradeCheck = 1330;
				TargetAttributes = {
					34C63A112821BF3500805D88 = {
						CreatedOnToolsVersion = 13.3;
					};
				};
			};
			buildConfigurationList = 34C63A0D2821BF3500805D88 /* Build configuration list for PBXProject "TestSN" */;
			compatibilityVersion = "Xcode 13.0";
			developmentRegion = en;
			hasScannedForEncodings = 0;
			knownRegions = (
				en,
				Base,
			);
			mainGroup = 34C63A092821BF3500805D88;
			productRefGroup = 34C63A132821BF3500805D88 /* Products */;
			projectDirPath = "";
			projectRoot = "";
			targets = (
				34C63A112821BF3500805D88 /* TestSN */,
			);
		};
/* End PBXProject section */

/* Begin PBXResourcesBuildPhase section */
		34C63A102821BF3500805D88 /* Resources */ = {
			isa = PBXResourcesBuildPhase;
			buildActionMask = 2147483647;
			files = (
				34C63A222821BF3800805D88 /* LaunchScreen.storyboard in Resources */,
				34C63A1F2821BF3800805D88 /* Assets.xcassets in Resources */,
				34C63A1D2821BF3500805D88 /* Main.storyboard in Resources */,
			);
			runOnlyForDeploymentPostprocessing = 0;
		};
/* End PBXResourcesBuildPhase section */

/* Begin PBXSourcesBuildPhase section */
		34C63A0E2821BF3500805D88 /* Sources */ = {
			isa = PBXSourcesBuildPhase;
			buildActionMask = 2147483647;
			files = (
				34C63A2F2821C05200805D88 /* MoreDetailVC.swift in Sources */,
				34C63A342821C13D00805D88 /* Data.swift in Sources */,
				34C63A162821BF3500805D88 /* AppDelegate.swift in Sources */,
				34C63A2D2821C03200805D88 /* MainVC.swift in Sources */,
				34C63A372821C4A900805D88 /* MainTableViewCell.swift in Sources */,
				34C63A182821BF3500805D88 /* SceneDelegate.swift in Sources */,
			);
			runOnlyForDeploymentPostprocessing = 0;
		};
/* End PBXSourcesBuildPhase section */

/* Begin PBXVariantGroup section */
		34C63A1B2821BF3500805D88 /* Main.storyboard */ = {
			isa = PBXVariantGroup;
			children = (
				34C63A1C2821BF3500805D88 /* Base */,
			);
			name = Main.storyboard;
			sourceTree = "<group>";
		};
		34C63A202821BF3800805D88 /* LaunchScreen.storyboard */ = {
			isa = PBXVariantGroup;
			children = (
				34C63A212821BF3800805D88 /* Base */,
			);
			name = LaunchScreen.storyboard;
			sourceTree = "<group>";
		};
/* End PBXVariantGroup section */

/* Begin XCBuildConfiguration section */
		34C63A242821BF3800805D88 /* Debug */ = {
			isa = XCBuildConfiguration;
			buildSettings = {
				ALWAYS_SEARCH_USER_PATHS = NO;
				CLANG_ANALYZER_NONNULL = YES;
				CLANG_ANALYZER_NUMBER_OBJECT_CONVERSION = YES_AGGRESSIVE;
				CLANG_CXX_LANGUAGE_STANDARD = "gnu++17";
				CLANG_ENABLE_MODULES = YES;
				CLANG_ENABLE_OBJC_ARC = YES;
				CLANG_ENABLE_OBJC_WEAK = YES;
				CLANG_WARN_BLOCK_CAPTURE_AUTORELEASING = YES;
				CLANG_WARN_BOOL_CONVERSION = YES;
				CLANG_WARN_COMMA = YES;
				CLANG_WARN_CONSTANT_CONVERSION = YES;
				CLANG_WARN_DEPRECATED_OBJC_IMPLEMENTATIONS = YES;
				CLANG_WARN_DIRECT_OBJC_ISA_USAGE = YES_ERROR;
				CLANG_WARN_DOCUMENTATION_COMMENTS = YES;
				CLANG_WARN_EMPTY_BODY = YES;
				CLANG_WARN_ENUM_CONVERSION = YES;
				CLANG_WARN_INFINITE_RECURSION = YES;
				CLANG_WARN_INT_CONVERSION = YES;
				CLANG_WARN_NON_LITERAL_NULL_CONVERSION = YES;
				CLANG_WARN_OBJC_IMPLICIT_RETAIN_SELF = YES;
				CLANG_WARN_OBJC_LITERAL_CONVERSION = YES;
				CLANG_WARN_OBJC_ROOT_CLASS = YES_ERROR;
				CLANG_WARN_QUOTED_INCLUDE_IN_FRAMEWORK_HEADER = YES;
				CLANG_WARN_RANGE_LOOP_ANALYSIS = YES;
				CLANG_WARN_STRICT_PROTOTYPES = YES;
				CLANG_WARN_SUSPICIOUS_MOVE = YES;
				CLANG_WARN_UNGUARDED_AVAILABILITY = YES_AGGRESSIVE;
				CLANG_WARN_UNREACHABLE_CODE = YES;
				CLANG_WARN__DUPLICATE_METHOD_MATCH = YES;
				COPY_PHASE_STRIP = NO;
				DEBUG_INFORMATION_FORMAT = dwarf;
				ENABLE_STRICT_OBJC_MSGSEND = YES;
				ENABLE_TESTABILITY = YES;
				GCC_C_LANGUAGE_STANDARD = gnu11;
				GCC_DYNAMIC_NO_PIC = NO;
				GCC_NO_COMMON_BLOCKS = YES;
				GCC_OPTIMIZATION_LEVEL = 0;
				GCC_PREPROCESSOR_DEFINITIONS = (
					"DEBUG=1",
					"$(inherited)",
				);
				GCC_WARN_64_TO_32_BIT_CONVERSION = YES;
				GCC_WARN_ABOUT_RETURN_TYPE = YES_ERROR;
				GCC_WARN_UNDECLARED_SELECTOR = YES;
				GCC_WARN_UNINITIALIZED_AUTOS = YES_AGGRESSIVE;
				GCC_WARN_UNUSED_FUNCTION = YES;
				GCC_WARN_UNUSED_VARIABLE = YES;
				IPHONEOS_DEPLOYMENT_TARGET = 15.4;
				MTL_ENABLE_DEBUG_INFO = INCLUDE_SOURCE;
				MTL_FAST_MATH = YES;
				ONLY_ACTIVE_ARCH = YES;
				SDKROOT = iphoneos;
				SWIFT_ACTIVE_COMPILATION_CONDITIONS = DEBUG;
				SWIFT_OPTIMIZATION_LEVEL = "-Onone";
			};
			name = Debug;
		};
		34C63A252821BF3800805D88 /* Release */ = {
			isa = XCBuildConfiguration;
			buildSettings = {
				ALWAYS_SEARCH_USER_PATHS = NO;
				CLANG_ANALYZER_NONNULL = YES;
				CLANG_ANALYZER_NUMBER_OBJECT_CONVERSION = YES_AGGRESSIVE;
				CLANG_CXX_LANGUAGE_STANDARD = "gnu++17";
				CLANG_ENABLE_MODULES = YES;
				CLANG_ENABLE_OBJC_ARC = YES;
				CLANG_ENABLE_OBJC_WEAK = YES;
				CLANG_WARN_BLOCK_CAPTURE_AUTORELEASING = YES;
				CLANG_WARN_BOOL_CONVERSION = YES;
				CLANG_WARN_COMMA = YES;
				CLANG_WARN_CONSTANT_CONVERSION = YES;
				CLANG_WARN_DEPRECATED_OBJC_IMPLEMENTATIONS = YES;
				CLANG_WARN_DIRECT_OBJC_ISA_USAGE = YES_ERROR;
				CLANG_WARN_DOCUMENTATION_COMMENTS = YES;
				CLANG_WARN_EMPTY_BODY = YES;
				CLANG_WARN_ENUM_CONVERSION = YES;
				CLANG_WARN_INFINITE_RECURSION = YES;
				CLANG_WARN_INT_CONVERSION = YES;
				CLANG_WARN_NON_LITERAL_NULL_CONVERSION = YES;
				CLANG_WARN_OBJC_IMPLICIT_RETAIN_SELF = YES;
				CLANG_WARN_OBJC_LITERAL_CONVERSION = YES;
				CLANG_WARN_OBJC_ROOT_CLASS = YES_ERROR;
				CLANG_WARN_QUOTED_INCLUDE_IN_FRAMEWORK_HEADER = YES;
				CLANG_WARN_RANGE_LOOP_ANALYSIS = YES;
				CLANG_WARN_STRICT_PROTOTYPES = YES;
				CLANG_WARN_SUSPICIOUS_MOVE = YES;
				CLANG_WARN_UNGUARDED_AVAILABILITY = YES_AGGRESSIVE;
				CLANG_WARN_UNREACHABLE_CODE = YES;
				CLANG_WARN__DUPLICATE_METHOD_MATCH = YES;
				COPY_PHASE_STRIP = NO;
				DEBUG_INFORMATION_FORMAT = "dwarf-with-dsym";
				ENABLE_NS_ASSERTIONS = NO;
				ENABLE_STRICT_OBJC_MSGSEND = YES;
				GCC_C_LANGUAGE_STANDARD = gnu11;
				GCC_NO_COMMON_BLOCKS = YES;
				GCC_WARN_64_TO_32_BIT_CONVERSION = YES;
				GCC_WARN_ABOUT_RETURN_TYPE = YES_ERROR;
				GCC_WARN_UNDECLARED_SELECTOR = YES;
				GCC_WARN_UNINITIALIZED_AUTOS = YES_AGGRESSIVE;
				GCC_WARN_UNUSED_FUNCTION = YES;
				GCC_WARN_UNUSED_VARIABLE = YES;
				IPHONEOS_DEPLOYMENT_TARGET = 15.4;
				MTL_ENABLE_DEBUG_INFO = NO;
				MTL_FAST_MATH = YES;
				SDKROOT = iphoneos;
				SWIFT_COMPILATION_MODE = wholemodule;
				SWIFT_OPTIMIZATION_LEVEL = "-O";
				VALIDATE_PRODUCT = YES;
			};
			name = Release;
		};
		34C63A272821BF3800805D88 /* Debug */ = {
			isa = XCBuildConfiguration;
			buildSettings = {
				ASSETCATALOG_COMPILER_APPICON_NAME = AppIcon;
				ASSETCATALOG_COMPILER_GLOBAL_ACCENT_COLOR_NAME = AccentColor;
				CODE_SIGN_STYLE = Automatic;
				CURRENT_PROJECT_VERSION = 1;
				DEVELOPMENT_TEAM = CLSWK43D4X;
				GENERATE_INFOPLIST_FILE = YES;
				INFOPLIST_FILE = TestSN/Info.plist;
				INFOPLIST_KEY_UIApplicationSupportsIndirectInputEvents = YES;
				INFOPLIST_KEY_UILaunchStoryboardName = LaunchScreen;
				INFOPLIST_KEY_UIMainStoryboardFile = Main;
				INFOPLIST_KEY_UISupportedInterfaceOrientations = UIInterfaceOrientationPortrait;
				INFOPLIST_KEY_UISupportedInterfaceOrientations_iPad = UIInterfaceOrientationPortrait;
				INFOPLIST_KEY_UISupportedInterfaceOrientations_iPhone = UIInterfaceOrientationPortrait;
				IPHONEOS_DEPLOYMENT_TARGET = 15.4;
				LD_RUNPATH_SEARCH_PATHS = (
					"$(inherited)",
					"@executable_path/Frameworks",
				);
				MARKETING_VERSION = 1.0;
				PRODUCT_BUNDLE_IDENTIFIER = com.Matt.TestSN;
				PRODUCT_NAME = "$(TARGET_NAME)";
				SWIFT_EMIT_LOC_STRINGS = YES;
				SWIFT_VERSION = 5.0;
				TARGETED_DEVICE_FAMILY = "1,2";
			};
			name = Debug;
		};
		34C63A282821BF3800805D88 /* Release */ = {
			isa = XCBuildConfiguration;
			buildSettings = {
				ASSETCATALOG_COMPILER_APPICON_NAME = AppIcon;
				ASSETCATALOG_COMPILER_GLOBAL_ACCENT_COLOR_NAME = AccentColor;
				CODE_SIGN_STYLE = Automatic;
				CURRENT_PROJECT_VERSION = 1;
				DEVELOPMENT_TEAM = CLSWK43D4X;
				GENERATE_INFOPLIST_FILE = YES;
				INFOPLIST_FILE = TestSN/Info.plist;
				INFOPLIST_KEY_UIApplicationSupportsIndirectInputEvents = YES;
				INFOPLIST_KEY_UILaunchStoryboardName = LaunchScreen;
				INFOPLIST_KEY_UIMainStoryboardFile = Main;
				INFOPLIST_KEY_UISupportedInterfaceOrientations = UIInterfaceOrientationPortrait;
				INFOPLIST_KEY_UISupportedInterfaceOrientations_iPad = UIInterfaceOrientationPortrait;
				INFOPLIST_KEY_UISupportedInterfaceOrientations_iPhone = UIInterfaceOrientationPortrait;
				IPHONEOS_DEPLOYMENT_TARGET = 15.4;
				LD_RUNPATH_SEARCH_PATHS = (
					"$(inherited)",
					"@executable_path/Frameworks",
				);
				MARKETING_VERSION = 1.0;
				PRODUCT_BUNDLE_IDENTIFIER = com.Matt.TestSN;
				PRODUCT_NAME = "$(TARGET_NAME)";
				SWIFT_EMIT_LOC_STRINGS = YES;
				SWIFT_VERSION = 5.0;
				TARGETED_DEVICE_FAMILY = "1,2";
			};
			name = Release;
		};
/* End XCBuildConfiguration section */

/* Begin XCConfigurationList section */
		34C63A0D2821BF3500805D88 /* Build configuration list for PBXProject "TestSN" */ = {
			isa = XCConfigurationList;
			buildConfigurations = (
				34C63A242821BF3800805D88 /* Debug */,
				34C63A252821BF3800805D88 /* Release */,
			);
			defaultConfigurationIsVisible = 0;
			defaultConfigurationName = Release;
		};
		34C63A262821BF3800805D88 /* Build configuration list for PBXNativeTarget "TestSN" */ = {
			isa = XCConfigurationList;
			buildConfigurations = (
				34C63A272821BF3800805D88 /* Debug */,
				34C63A282821BF3800805D88 /* Release */,
			);
			defaultConfigurationIsVisible = 0;
			defaultConfigurationName = Release;
		};
/* End XCConfigurationList section */
	};
	rootObject = 34C63A0A2821BF3500805D88 /* Project object */;
}
